// !$*UTF8*$!
{
	archiveVersion = 1;
	classes = {
	};
	objectVersion = 46;
	objects = {

/* Begin PBXBuildFile section */
		2202847C19C41BD700400D80 /* FCLoginVC.m in Sources */ = {isa = PBXBuildFile; fileRef = 2202847A19C41BD700400D80 /* FCLoginVC.m */; };
		2202847D19C41BD700400D80 /* FCLoginVC.xib in Resources */ = {isa = PBXBuildFile; fileRef = 2202847B19C41BD700400D80 /* FCLoginVC.xib */; };
		2202848019C42CD400400D80 /* FCLoginAnswerModel.m in Sources */ = {isa = PBXBuildFile; fileRef = 2202847F19C42CD400400D80 /* FCLoginAnswerModel.m */; };
		2202848A19C4531600400D80 /* WRLoadingView.m in Sources */ = {isa = PBXBuildFile; fileRef = 2202848819C4531600400D80 /* WRLoadingView.m */; };
		2202848B19C4531600400D80 /* WRLoadingView.xib in Resources */ = {isa = PBXBuildFile; fileRef = 2202848919C4531600400D80 /* WRLoadingView.xib */; };
		228E2BF319B4C1BD0075A871 /* FCLoginModel.m in Sources */ = {isa = PBXBuildFile; fileRef = 228E2BF219B4C1BD0075A871 /* FCLoginModel.m */; };
		229B5E1F19B0B13F00AD7BA3 /* Foundation.framework in Frameworks */ = {isa = PBXBuildFile; fileRef = 229B5E1E19B0B13F00AD7BA3 /* Foundation.framework */; };
		229B5E2119B0B13F00AD7BA3 /* CoreGraphics.framework in Frameworks */ = {isa = PBXBuildFile; fileRef = 229B5E2019B0B13F00AD7BA3 /* CoreGraphics.framework */; };
		229B5E2319B0B13F00AD7BA3 /* UIKit.framework in Frameworks */ = {isa = PBXBuildFile; fileRef = 229B5E2219B0B13F00AD7BA3 /* UIKit.framework */; };
		229B5E2919B0B13F00AD7BA3 /* InfoPlist.strings in Resources */ = {isa = PBXBuildFile; fileRef = 229B5E2719B0B13F00AD7BA3 /* InfoPlist.strings */; };
		229B5E2B19B0B13F00AD7BA3 /* main.m in Sources */ = {isa = PBXBuildFile; fileRef = 229B5E2A19B0B13F00AD7BA3 /* main.m */; };
		229B5E2F19B0B13F00AD7BA3 /* FCAppDelegate.m in Sources */ = {isa = PBXBuildFile; fileRef = 229B5E2E19B0B13F00AD7BA3 /* FCAppDelegate.m */; };
		229B5E3119B0B13F00AD7BA3 /* Images.xcassets in Resources */ = {isa = PBXBuildFile; fileRef = 229B5E3019B0B13F00AD7BA3 /* Images.xcassets */; };
		229B5E3819B0B13F00AD7BA3 /* XCTest.framework in Frameworks */ = {isa = PBXBuildFile; fileRef = 229B5E3719B0B13F00AD7BA3 /* XCTest.framework */; };
		229B5E3919B0B13F00AD7BA3 /* Foundation.framework in Frameworks */ = {isa = PBXBuildFile; fileRef = 229B5E1E19B0B13F00AD7BA3 /* Foundation.framework */; };
		229B5E3A19B0B13F00AD7BA3 /* UIKit.framework in Frameworks */ = {isa = PBXBuildFile; fileRef = 229B5E2219B0B13F00AD7BA3 /* UIKit.framework */; };
		229B5E4219B0B13F00AD7BA3 /* InfoPlist.strings in Resources */ = {isa = PBXBuildFile; fileRef = 229B5E4019B0B13F00AD7BA3 /* InfoPlist.strings */; };
		229B5E4419B0B13F00AD7BA3 /* FreedomCloudTests.m in Sources */ = {isa = PBXBuildFile; fileRef = 229B5E4319B0B13F00AD7BA3 /* FreedomCloudTests.m */; };
		229B5E5319B0B25900AD7BA3 /* FCSuperVC.m in Sources */ = {isa = PBXBuildFile; fileRef = 229B5E5219B0B25900AD7BA3 /* FCSuperVC.m */; };
		229B5E5619B0B26800AD7BA3 /* FCSuperView.m in Sources */ = {isa = PBXBuildFile; fileRef = 229B5E5519B0B26800AD7BA3 /* FCSuperView.m */; };
		229B5E5A19B0B28F00AD7BA3 /* FCMainVC.m in Sources */ = {isa = PBXBuildFile; fileRef = 229B5E5819B0B28F00AD7BA3 /* FCMainVC.m */; };
		229B5E5B19B0B28F00AD7BA3 /* FCMainVC.xib in Resources */ = {isa = PBXBuildFile; fileRef = 229B5E5919B0B28F00AD7BA3 /* FCMainVC.xib */; };
		229B5E6019B0B3F600AD7BA3 /* FCSuperObject.m in Sources */ = {isa = PBXBuildFile; fileRef = 229B5E5F19B0B3F600AD7BA3 /* FCSuperObject.m */; };
		229B5E6319B0B41B00AD7BA3 /* FCMainNetworkModel1.m in Sources */ = {isa = PBXBuildFile; fileRef = 229B5E6219B0B41B00AD7BA3 /* FCMainNetworkModel1.m */; };
		229B5E9719B0B48600AD7BA3 /* libFCTools.a in Frameworks */ = {isa = PBXBuildFile; fileRef = 229B5E9619B0B48600AD7BA3 /* libFCTools.a */; };
		229B5F3219B0C13100AD7BA3 /* users.xml in Resources */ = {isa = PBXBuildFile; fileRef = 229B5F3119B0C13100AD7BA3 /* users.xml */; };
		229B5F3419B0C1E000AD7BA3 /* libxml2.dylib in Frameworks */ = {isa = PBXBuildFile; fileRef = 229B5F3319B0C1E000AD7BA3 /* libxml2.dylib */; };
		229B5F4019B177C100AD7BA3 /* FCSuperRequestModel.m in Sources */ = {isa = PBXBuildFile; fileRef = 229B5F3F19B177C100AD7BA3 /* FCSuperRequestModel.m */; };
		22C8FEA519C57F0C005331E6 /* FCMainModel.m in Sources */ = {isa = PBXBuildFile; fileRef = 22C8FEA419C57F0C005331E6 /* FCMainModel.m */; };
		22C8FEAA19C58122005331E6 /* FCHeartbeatModel.m in Sources */ = {isa = PBXBuildFile; fileRef = 22C8FEA919C58122005331E6 /* FCHeartbeatModel.m */; };
		22C8FEB219C58F3D005331E6 /* FCLiveVideoVC.m in Sources */ = {isa = PBXBuildFile; fileRef = 22C8FEB019C58F3D005331E6 /* FCLiveVideoVC.m */; };
		22C8FEB319C58F3D005331E6 /* FCLiveVideoVC.xib in Resources */ = {isa = PBXBuildFile; fileRef = 22C8FEB119C58F3D005331E6 /* FCLiveVideoVC.xib */; };
		22C8FEB719C58F4E005331E6 /* FCPlaybackVC.m in Sources */ = {isa = PBXBuildFile; fileRef = 22C8FEB519C58F4E005331E6 /* FCPlaybackVC.m */; };
		22C8FEB819C58F4E005331E6 /* FCPlaybackVC.xib in Resources */ = {isa = PBXBuildFile; fileRef = 22C8FEB619C58F4E005331E6 /* FCPlaybackVC.xib */; };
		22C8FEBC19C58F61005331E6 /* FCDeviceManagerVC.m in Sources */ = {isa = PBXBuildFile; fileRef = 22C8FEBA19C58F61005331E6 /* FCDeviceManagerVC.m */; };
		22C8FEBD19C58F61005331E6 /* FCDeviceManagerVC.xib in Resources */ = {isa = PBXBuildFile; fileRef = 22C8FEBB19C58F61005331E6 /* FCDeviceManagerVC.xib */; };
		22C8FEC119C58F6C005331E6 /* FCAboutVC.m in Sources */ = {isa = PBXBuildFile; fileRef = 22C8FEBF19C58F6C005331E6 /* FCAboutVC.m */; };
		22C8FEC219C58F6C005331E6 /* FCAboutVC.xib in Resources */ = {isa = PBXBuildFile; fileRef = 22C8FEC019C58F6C005331E6 /* FCAboutVC.xib */; };
/* End PBXBuildFile section */

/* Begin PBXContainerItemProxy section */
		22751B5E19B17F7100A4543D /* PBXContainerItemProxy */ = {
			isa = PBXContainerItemProxy;
			containerPortal = 229B5E9C19B0B87400AD7BA3 /* FCTools.xcodeproj */;
			proxyType = 2;
			remoteGlobalIDString = 229B5E6D19B0B45F00AD7BA3;
			remoteInfo = FCTools;
		};
		22751B6019B17F7100A4543D /* PBXContainerItemProxy */ = {
			isa = PBXContainerItemProxy;
			containerPortal = 229B5E9C19B0B87400AD7BA3 /* FCTools.xcodeproj */;
			proxyType = 2;
			remoteGlobalIDString = 229B5E7D19B0B45F00AD7BA3;
			remoteInfo = FCToolsTests;
		};
		229B5E3B19B0B13F00AD7BA3 /* PBXContainerItemProxy */ = {
			isa = PBXContainerItemProxy;
			containerPortal = 229B5E1319B0B13F00AD7BA3 /* Project object */;
			proxyType = 1;
			remoteGlobalIDString = 229B5E1A19B0B13F00AD7BA3;
			remoteInfo = FreedomCloud;
		};
/* End PBXContainerItemProxy section */

/* Begin PBXFileReference section */
		2202847919C41BD700400D80 /* FCLoginVC.h */ = {isa = PBXFileReference; fileEncoding = 4; lastKnownFileType = sourcecode.c.h; path = FCLoginVC.h; sourceTree = "<group>"; };
		2202847A19C41BD700400D80 /* FCLoginVC.m */ = {isa = PBXFileReference; fileEncoding = 4; lastKnownFileType = sourcecode.c.objc; path = FCLoginVC.m; sourceTree = "<group>"; };
		2202847B19C41BD700400D80 /* FCLoginVC.xib */ = {isa = PBXFileReference; fileEncoding = 4; lastKnownFileType = file.xib; path = FCLoginVC.xib; sourceTree = "<group>"; };
		2202847E19C42CD400400D80 /* FCLoginAnswerModel.h */ = {isa = PBXFileReference; fileEncoding = 4; lastKnownFileType = sourcecode.c.h; path = FCLoginAnswerModel.h; sourceTree = "<group>"; };
		2202847F19C42CD400400D80 /* FCLoginAnswerModel.m */ = {isa = PBXFileReference; fileEncoding = 4; lastKnownFileType = sourcecode.c.objc; path = FCLoginAnswerModel.m; sourceTree = "<group>"; };
		2202848719C4531600400D80 /* WRLoadingView.h */ = {isa = PBXFileReference; fileEncoding = 4; lastKnownFileType = sourcecode.c.h; path = WRLoadingView.h; sourceTree = "<group>"; };
		2202848819C4531600400D80 /* WRLoadingView.m */ = {isa = PBXFileReference; fileEncoding = 4; lastKnownFileType = sourcecode.c.objc; path = WRLoadingView.m; sourceTree = "<group>"; };
		2202848919C4531600400D80 /* WRLoadingView.xib */ = {isa = PBXFileReference; fileEncoding = 4; lastKnownFileType = file.xib; path = WRLoadingView.xib; sourceTree = "<group>"; };
		228E2BF119B4C1BD0075A871 /* FCLoginModel.h */ = {isa = PBXFileReference; fileEncoding = 4; lastKnownFileType = sourcecode.c.h; path = FCLoginModel.h; sourceTree = "<group>"; };
		228E2BF219B4C1BD0075A871 /* FCLoginModel.m */ = {isa = PBXFileReference; fileEncoding = 4; lastKnownFileType = sourcecode.c.objc; path = FCLoginModel.m; sourceTree = "<group>"; };
		229B5E1B19B0B13F00AD7BA3 /* FreedomCloud.app */ = {isa = PBXFileReference; explicitFileType = wrapper.application; includeInIndex = 0; path = FreedomCloud.app; sourceTree = BUILT_PRODUCTS_DIR; };
		229B5E1E19B0B13F00AD7BA3 /* Foundation.framework */ = {isa = PBXFileReference; lastKnownFileType = wrapper.framework; name = Foundation.framework; path = System/Library/Frameworks/Foundation.framework; sourceTree = SDKROOT; };
		229B5E2019B0B13F00AD7BA3 /* CoreGraphics.framework */ = {isa = PBXFileReference; lastKnownFileType = wrapper.framework; name = CoreGraphics.framework; path = System/Library/Frameworks/CoreGraphics.framework; sourceTree = SDKROOT; };
		229B5E2219B0B13F00AD7BA3 /* UIKit.framework */ = {isa = PBXFileReference; lastKnownFileType = wrapper.framework; name = UIKit.framework; path = System/Library/Frameworks/UIKit.framework; sourceTree = SDKROOT; };
		229B5E2619B0B13F00AD7BA3 /* FreedomCloud-Info.plist */ = {isa = PBXFileReference; lastKnownFileType = text.plist.xml; path = "FreedomCloud-Info.plist"; sourceTree = "<group>"; };
		229B5E2819B0B13F00AD7BA3 /* en */ = {isa = PBXFileReference; lastKnownFileType = text.plist.strings; name = en; path = en.lproj/InfoPlist.strings; sourceTree = "<group>"; };
		229B5E2A19B0B13F00AD7BA3 /* main.m */ = {isa = PBXFileReference; lastKnownFileType = sourcecode.c.objc; path = main.m; sourceTree = "<group>"; };
		229B5E2C19B0B13F00AD7BA3 /* FreedomCloud-Prefix.pch */ = {isa = PBXFileReference; lastKnownFileType = sourcecode.c.h; path = "FreedomCloud-Prefix.pch"; sourceTree = "<group>"; };
		229B5E2D19B0B13F00AD7BA3 /* FCAppDelegate.h */ = {isa = PBXFileReference; lastKnownFileType = sourcecode.c.h; path = FCAppDelegate.h; sourceTree = "<group>"; };
		229B5E2E19B0B13F00AD7BA3 /* FCAppDelegate.m */ = {isa = PBXFileReference; lastKnownFileType = sourcecode.c.objc; path = FCAppDelegate.m; sourceTree = "<group>"; };
		229B5E3019B0B13F00AD7BA3 /* Images.xcassets */ = {isa = PBXFileReference; lastKnownFileType = folder.assetcatalog; path = Images.xcassets; sourceTree = "<group>"; };
		229B5E3619B0B13F00AD7BA3 /* FreedomCloudTests.xctest */ = {isa = PBXFileReference; explicitFileType = wrapper.cfbundle; includeInIndex = 0; path = FreedomCloudTests.xctest; sourceTree = BUILT_PRODUCTS_DIR; };
		229B5E3719B0B13F00AD7BA3 /* XCTest.framework */ = {isa = PBXFileReference; lastKnownFileType = wrapper.framework; name = XCTest.framework; path = Library/Frameworks/XCTest.framework; sourceTree = DEVELOPER_DIR; };
		229B5E3F19B0B13F00AD7BA3 /* FreedomCloudTests-Info.plist */ = {isa = PBXFileReference; lastKnownFileType = text.plist.xml; path = "FreedomCloudTests-Info.plist"; sourceTree = "<group>"; };
		229B5E4119B0B13F00AD7BA3 /* en */ = {isa = PBXFileReference; lastKnownFileType = text.plist.strings; name = en; path = en.lproj/InfoPlist.strings; sourceTree = "<group>"; };
		229B5E4319B0B13F00AD7BA3 /* FreedomCloudTests.m */ = {isa = PBXFileReference; lastKnownFileType = sourcecode.c.objc; path = FreedomCloudTests.m; sourceTree = "<group>"; };
		229B5E5119B0B25900AD7BA3 /* FCSuperVC.h */ = {isa = PBXFileReference; fileEncoding = 4; lastKnownFileType = sourcecode.c.h; path = FCSuperVC.h; sourceTree = "<group>"; };
		229B5E5219B0B25900AD7BA3 /* FCSuperVC.m */ = {isa = PBXFileReference; fileEncoding = 4; lastKnownFileType = sourcecode.c.objc; path = FCSuperVC.m; sourceTree = "<group>"; };
		229B5E5419B0B26800AD7BA3 /* FCSuperView.h */ = {isa = PBXFileReference; fileEncoding = 4; lastKnownFileType = sourcecode.c.h; path = FCSuperView.h; sourceTree = "<group>"; };
		229B5E5519B0B26800AD7BA3 /* FCSuperView.m */ = {isa = PBXFileReference; fileEncoding = 4; lastKnownFileType = sourcecode.c.objc; path = FCSuperView.m; sourceTree = "<group>"; };
		229B5E5719B0B28F00AD7BA3 /* FCMainVC.h */ = {isa = PBXFileReference; fileEncoding = 4; lastKnownFileType = sourcecode.c.h; path = FCMainVC.h; sourceTree = "<group>"; };
		229B5E5819B0B28F00AD7BA3 /* FCMainVC.m */ = {isa = PBXFileReference; fileEncoding = 4; lastKnownFileType = sourcecode.c.objc; path = FCMainVC.m; sourceTree = "<group>"; };
		229B5E5919B0B28F00AD7BA3 /* FCMainVC.xib */ = {isa = PBXFileReference; fileEncoding = 4; lastKnownFileType = file.xib; path = FCMainVC.xib; sourceTree = "<group>"; };
		229B5E5E19B0B3F600AD7BA3 /* FCSuperObject.h */ = {isa = PBXFileReference; fileEncoding = 4; lastKnownFileType = sourcecode.c.h; path = FCSuperObject.h; sourceTree = "<group>"; };
		229B5E5F19B0B3F600AD7BA3 /* FCSuperObject.m */ = {isa = PBXFileReference; fileEncoding = 4; lastKnownFileType = sourcecode.c.objc; path = FCSuperObject.m; sourceTree = "<group>"; };
		229B5E6119B0B41B00AD7BA3 /* FCMainNetworkModel1.h */ = {isa = PBXFileReference; fileEncoding = 4; lastKnownFileType = sourcecode.c.h; path = FCMainNetworkModel1.h; sourceTree = "<group>"; };
		229B5E6219B0B41B00AD7BA3 /* FCMainNetworkModel1.m */ = {isa = PBXFileReference; fileEncoding = 4; lastKnownFileType = sourcecode.c.objc; path = FCMainNetworkModel1.m; sourceTree = "<group>"; };
		229B5E9619B0B48600AD7BA3 /* libFCTools.a */ = {isa = PBXFileReference; lastKnownFileType = archive.ar; name = libFCTools.a; path = "../FCTools/build/Debug-iphoneos/libFCTools.a"; sourceTree = "<group>"; };
		229B5E9C19B0B87400AD7BA3 /* FCTools.xcodeproj */ = {isa = PBXFileReference; lastKnownFileType = "wrapper.pb-project"; name = FCTools.xcodeproj; path = ../FCTools/FCTools.xcodeproj; sourceTree = SOURCE_ROOT; };
		229B5F3119B0C13100AD7BA3 /* users.xml */ = {isa = PBXFileReference; fileEncoding = 4; lastKnownFileType = text.xml; path = users.xml; sourceTree = "<group>"; };
		229B5F3319B0C1E000AD7BA3 /* libxml2.dylib */ = {isa = PBXFileReference; lastKnownFileType = "compiled.mach-o.dylib"; name = libxml2.dylib; path = usr/lib/libxml2.dylib; sourceTree = SDKROOT; };
		229B5F3E19B177C100AD7BA3 /* FCSuperRequestModel.h */ = {isa = PBXFileReference; fileEncoding = 4; lastKnownFileType = sourcecode.c.h; path = FCSuperRequestModel.h; sourceTree = "<group>"; };
		229B5F3F19B177C100AD7BA3 /* FCSuperRequestModel.m */ = {isa = PBXFileReference; fileEncoding = 4; lastKnownFileType = sourcecode.c.objc; path = FCSuperRequestModel.m; sourceTree = "<group>"; };
		22C8FEA319C57F0C005331E6 /* FCMainModel.h */ = {isa = PBXFileReference; fileEncoding = 4; lastKnownFileType = sourcecode.c.h; path = FCMainModel.h; sourceTree = "<group>"; };
		22C8FEA419C57F0C005331E6 /* FCMainModel.m */ = {isa = PBXFileReference; fileEncoding = 4; lastKnownFileType = sourcecode.c.objc; path = FCMainModel.m; sourceTree = "<group>"; };
		22C8FEA819C58122005331E6 /* FCHeartbeatModel.h */ = {isa = PBXFileReference; fileEncoding = 4; lastKnownFileType = sourcecode.c.h; path = FCHeartbeatModel.h; sourceTree = "<group>"; };
		22C8FEA919C58122005331E6 /* FCHeartbeatModel.m */ = {isa = PBXFileReference; fileEncoding = 4; lastKnownFileType = sourcecode.c.objc; path = FCHeartbeatModel.m; sourceTree = "<group>"; };
		22C8FEAF19C58F3D005331E6 /* FCLiveVideoVC.h */ = {isa = PBXFileReference; fileEncoding = 4; lastKnownFileType = sourcecode.c.h; path = FCLiveVideoVC.h; sourceTree = "<group>"; };
		22C8FEB019C58F3D005331E6 /* FCLiveVideoVC.m */ = {isa = PBXFileReference; fileEncoding = 4; lastKnownFileType = sourcecode.c.objc; path = FCLiveVideoVC.m; sourceTree = "<group>"; };
		22C8FEB119C58F3D005331E6 /* FCLiveVideoVC.xib */ = {isa = PBXFileReference; fileEncoding = 4; lastKnownFileType = file.xib; path = FCLiveVideoVC.xib; sourceTree = "<group>"; };
		22C8FEB419C58F4E005331E6 /* FCPlaybackVC.h */ = {isa = PBXFileReference; fileEncoding = 4; lastKnownFileType = sourcecode.c.h; path = FCPlaybackVC.h; sourceTree = "<group>"; };
		22C8FEB519C58F4E005331E6 /* FCPlaybackVC.m */ = {isa = PBXFileReference; fileEncoding = 4; lastKnownFileType = sourcecode.c.objc; path = FCPlaybackVC.m; sourceTree = "<group>"; };
		22C8FEB619C58F4E005331E6 /* FCPlaybackVC.xib */ = {isa = PBXFileReference; fileEncoding = 4; lastKnownFileType = file.xib; path = FCPlaybackVC.xib; sourceTree = "<group>"; };
		22C8FEB919C58F61005331E6 /* FCDeviceManagerVC.h */ = {isa = PBXFileReference; fileEncoding = 4; lastKnownFileType = sourcecode.c.h; path = FCDeviceManagerVC.h; sourceTree = "<group>"; };
		22C8FEBA19C58F61005331E6 /* FCDeviceManagerVC.m */ = {isa = PBXFileReference; fileEncoding = 4; lastKnownFileType = sourcecode.c.objc; path = FCDeviceManagerVC.m; sourceTree = "<group>"; };
		22C8FEBB19C58F61005331E6 /* FCDeviceManagerVC.xib */ = {isa = PBXFileReference; fileEncoding = 4; lastKnownFileType = file.xib; path = FCDeviceManagerVC.xib; sourceTree = "<group>"; };
		22C8FEBE19C58F6C005331E6 /* FCAboutVC.h */ = {isa = PBXFileReference; fileEncoding = 4; lastKnownFileType = sourcecode.c.h; path = FCAboutVC.h; sourceTree = "<group>"; };
		22C8FEBF19C58F6C005331E6 /* FCAboutVC.m */ = {isa = PBXFileReference; fileEncoding = 4; lastKnownFileType = sourcecode.c.objc; path = FCAboutVC.m; sourceTree = "<group>"; };
		22C8FEC019C58F6C005331E6 /* FCAboutVC.xib */ = {isa = PBXFileReference; fileEncoding = 4; lastKnownFileType = file.xib; path = FCAboutVC.xib; sourceTree = "<group>"; };
/* End PBXFileReference section */

/* Begin PBXFrameworksBuildPhase section */
		229B5E1819B0B13F00AD7BA3 /* Frameworks */ = {
			isa = PBXFrameworksBuildPhase;
			buildActionMask = 2147483647;
			files = (
				229B5F3419B0C1E000AD7BA3 /* libxml2.dylib in Frameworks */,
				229B5E9719B0B48600AD7BA3 /* libFCTools.a in Frameworks */,
				229B5E2119B0B13F00AD7BA3 /* CoreGraphics.framework in Frameworks */,
				229B5E2319B0B13F00AD7BA3 /* UIKit.framework in Frameworks */,
				229B5E1F19B0B13F00AD7BA3 /* Foundation.framework in Frameworks */,
			);
			runOnlyForDeploymentPostprocessing = 0;
		};
		229B5E3319B0B13F00AD7BA3 /* Frameworks */ = {
			isa = PBXFrameworksBuildPhase;
			buildActionMask = 2147483647;
			files = (
				229B5E3819B0B13F00AD7BA3 /* XCTest.framework in Frameworks */,
				229B5E3A19B0B13F00AD7BA3 /* UIKit.framework in Frameworks */,
				229B5E3919B0B13F00AD7BA3 /* Foundation.framework in Frameworks */,
			);
			runOnlyForDeploymentPostprocessing = 0;
		};
/* End PBXFrameworksBuildPhase section */

/* Begin PBXGroup section */
		2202847619C41BC900400D80 /* Login */ = {
			isa = PBXGroup;
			children = (
				2202847919C41BD700400D80 /* FCLoginVC.h */,
				2202847A19C41BD700400D80 /* FCLoginVC.m */,
				2202847B19C41BD700400D80 /* FCLoginVC.xib */,
			);
			path = Login;
			sourceTree = "<group>";
		};
		2202848519C4531000400D80 /* Tools */ = {
			isa = PBXGroup;
			children = (
				2202848619C4531600400D80 /* InfoView */,
			);
			path = Tools;
			sourceTree = "<group>";
		};
		2202848619C4531600400D80 /* InfoView */ = {
			isa = PBXGroup;
			children = (
				2202848719C4531600400D80 /* WRLoadingView.h */,
				2202848819C4531600400D80 /* WRLoadingView.m */,
				2202848919C4531600400D80 /* WRLoadingView.xib */,
			);
			path = InfoView;
			sourceTree = "<group>";
		};
		22751B5A19B17F7100A4543D /* Products */ = {
			isa = PBXGroup;
			children = (
				22751B5F19B17F7100A4543D /* libFCTools.a */,
				22751B6119B17F7100A4543D /* FCToolsTests.xctest */,
			);
			name = Products;
			sourceTree = "<group>";
		};
		229B5E1219B0B13F00AD7BA3 = {
			isa = PBXGroup;
			children = (
				229B5E9C19B0B87400AD7BA3 /* FCTools.xcodeproj */,
				229B5E2419B0B13F00AD7BA3 /* FreedomCloud */,
				229B5E3D19B0B13F00AD7BA3 /* FreedomCloudTests */,
				229B5E1D19B0B13F00AD7BA3 /* Frameworks */,
				229B5E1C19B0B13F00AD7BA3 /* Products */,
			);
			sourceTree = "<group>";
		};
		229B5E1C19B0B13F00AD7BA3 /* Products */ = {
			isa = PBXGroup;
			children = (
				229B5E1B19B0B13F00AD7BA3 /* FreedomCloud.app */,
				229B5E3619B0B13F00AD7BA3 /* FreedomCloudTests.xctest */,
			);
			name = Products;
			sourceTree = "<group>";
		};
		229B5E1D19B0B13F00AD7BA3 /* Frameworks */ = {
			isa = PBXGroup;
			children = (
				229B5F3319B0C1E000AD7BA3 /* libxml2.dylib */,
				229B5E9619B0B48600AD7BA3 /* libFCTools.a */,
				229B5E1E19B0B13F00AD7BA3 /* Foundation.framework */,
				229B5E2019B0B13F00AD7BA3 /* CoreGraphics.framework */,
				229B5E2219B0B13F00AD7BA3 /* UIKit.framework */,
				229B5E3719B0B13F00AD7BA3 /* XCTest.framework */,
			);
			name = Frameworks;
			sourceTree = "<group>";
		};
		229B5E2419B0B13F00AD7BA3 /* FreedomCloud */ = {
			isa = PBXGroup;
			children = (
				2202848519C4531000400D80 /* Tools */,
				229B5E2D19B0B13F00AD7BA3 /* FCAppDelegate.h */,
				229B5E2E19B0B13F00AD7BA3 /* FCAppDelegate.m */,
				229B5E5019B0B20400AD7BA3 /* Classes */,
				229B5E4E19B0B1E800AD7BA3 /* NetWork */,
				229B5E4F19B0B1E800AD7BA3 /* SuperClass */,
				229B5E2519B0B13F00AD7BA3 /* Supporting Files */,
			);
			path = FreedomCloud;
			sourceTree = "<group>";
		};
		229B5E2519B0B13F00AD7BA3 /* Supporting Files */ = {
			isa = PBXGroup;
			children = (
				229B5E3019B0B13F00AD7BA3 /* Images.xcassets */,
				229B5E2619B0B13F00AD7BA3 /* FreedomCloud-Info.plist */,
				229B5E2719B0B13F00AD7BA3 /* InfoPlist.strings */,
				229B5E2A19B0B13F00AD7BA3 /* main.m */,
				229B5E2C19B0B13F00AD7BA3 /* FreedomCloud-Prefix.pch */,
			);
			name = "Supporting Files";
			sourceTree = "<group>";
		};
		229B5E3D19B0B13F00AD7BA3 /* FreedomCloudTests */ = {
			isa = PBXGroup;
			children = (
				229B5E4319B0B13F00AD7BA3 /* FreedomCloudTests.m */,
				229B5E3E19B0B13F00AD7BA3 /* Supporting Files */,
			);
			path = FreedomCloudTests;
			sourceTree = "<group>";
		};
		229B5E3E19B0B13F00AD7BA3 /* Supporting Files */ = {
			isa = PBXGroup;
			children = (
				229B5E3F19B0B13F00AD7BA3 /* FreedomCloudTests-Info.plist */,
				229B5E4019B0B13F00AD7BA3 /* InfoPlist.strings */,
			);
			name = "Supporting Files";
			sourceTree = "<group>";
		};
		229B5E4E19B0B1E800AD7BA3 /* NetWork */ = {
			isa = PBXGroup;
			children = (
				229B5E6119B0B41B00AD7BA3 /* FCMainNetworkModel1.h */,
				229B5E6219B0B41B00AD7BA3 /* FCMainNetworkModel1.m */,
				229B5F3D19B1778E00AD7BA3 /* RquestModel */,
			);
			path = NetWork;
			sourceTree = "<group>";
		};
		229B5E4F19B0B1E800AD7BA3 /* SuperClass */ = {
			isa = PBXGroup;
			children = (
				229B5E5119B0B25900AD7BA3 /* FCSuperVC.h */,
				229B5E5219B0B25900AD7BA3 /* FCSuperVC.m */,
				229B5E5419B0B26800AD7BA3 /* FCSuperView.h */,
				229B5E5519B0B26800AD7BA3 /* FCSuperView.m */,
				229B5E5E19B0B3F600AD7BA3 /* FCSuperObject.h */,
				229B5E5F19B0B3F600AD7BA3 /* FCSuperObject.m */,
				229B5F3E19B177C100AD7BA3 /* FCSuperRequestModel.h */,
				229B5F3F19B177C100AD7BA3 /* FCSuperRequestModel.m */,
			);
			path = SuperClass;
			sourceTree = "<group>";
		};
		229B5E5019B0B20400AD7BA3 /* Classes */ = {
			isa = PBXGroup;
			children = (
				22C8FEAB19C58EA9005331E6 /* LiveVideo */,
				22C8FEAE19C58F18005331E6 /* Playback */,
				22C8FEAD19C58F18005331E6 /* DeviceManager */,
				22C8FEAC19C58F18005331E6 /* About */,
				229B5E5719B0B28F00AD7BA3 /* FCMainVC.h */,
				229B5E5819B0B28F00AD7BA3 /* FCMainVC.m */,
				229B5E5919B0B28F00AD7BA3 /* FCMainVC.xib */,
				229B5F3119B0C13100AD7BA3 /* users.xml */,
				2202847619C41BC900400D80 /* Login */,
				22C8FEA319C57F0C005331E6 /* FCMainModel.h */,
				22C8FEA419C57F0C005331E6 /* FCMainModel.m */,
			);
			path = Classes;
			sourceTree = "<group>";
		};
		229B5F3D19B1778E00AD7BA3 /* RquestModel */ = {
			isa = PBXGroup;
			children = (
				228E2BF119B4C1BD0075A871 /* FCLoginModel.h */,
				228E2BF219B4C1BD0075A871 /* FCLoginModel.m */,
				2202847E19C42CD400400D80 /* FCLoginAnswerModel.h */,
				2202847F19C42CD400400D80 /* FCLoginAnswerModel.m */,
				22C8FEA819C58122005331E6 /* FCHeartbeatModel.h */,
				22C8FEA919C58122005331E6 /* FCHeartbeatModel.m */,
			);
			path = RquestModel;
			sourceTree = "<group>";
		};
		22C8FEAB19C58EA9005331E6 /* LiveVideo */ = {
			isa = PBXGroup;
			children = (
				22C8FEAF19C58F3D005331E6 /* FCLiveVideoVC.h */,
				22C8FEB019C58F3D005331E6 /* FCLiveVideoVC.m */,
				22C8FEB119C58F3D005331E6 /* FCLiveVideoVC.xib */,
			);
			path = LiveVideo;
			sourceTree = "<group>";
		};
		22C8FEAC19C58F18005331E6 /* About */ = {
			isa = PBXGroup;
			children = (
				22C8FEBE19C58F6C005331E6 /* FCAboutVC.h */,
				22C8FEBF19C58F6C005331E6 /* FCAboutVC.m */,
				22C8FEC019C58F6C005331E6 /* FCAboutVC.xib */,
			);
			path = About;
			sourceTree = "<group>";
		};
		22C8FEAD19C58F18005331E6 /* DeviceManager */ = {
			isa = PBXGroup;
			children = (
				22C8FEB919C58F61005331E6 /* FCDeviceManagerVC.h */,
				22C8FEBA19C58F61005331E6 /* FCDeviceManagerVC.m */,
				22C8FEBB19C58F61005331E6 /* FCDeviceManagerVC.xib */,
			);
			path = DeviceManager;
			sourceTree = "<group>";
		};
		22C8FEAE19C58F18005331E6 /* Playback */ = {
			isa = PBXGroup;
			children = (
				22C8FEB419C58F4E005331E6 /* FCPlaybackVC.h */,
				22C8FEB519C58F4E005331E6 /* FCPlaybackVC.m */,
				22C8FEB619C58F4E005331E6 /* FCPlaybackVC.xib */,
			);
			path = Playback;
			sourceTree = "<group>";
		};
/* End PBXGroup section */

/* Begin PBXNativeTarget section */
		229B5E1A19B0B13F00AD7BA3 /* FreedomCloud */ = {
			isa = PBXNativeTarget;
			buildConfigurationList = 229B5E4719B0B13F00AD7BA3 /* Build configuration list for PBXNativeTarget "FreedomCloud" */;
			buildPhases = (
				229B5E1719B0B13F00AD7BA3 /* Sources */,
				229B5E1919B0B13F00AD7BA3 /* Resources */,
				229B5E1819B0B13F00AD7BA3 /* Frameworks */,
			);
			buildRules = (
			);
			dependencies = (
			);
			name = FreedomCloud;
			productName = FreedomCloud;
			productReference = 229B5E1B19B0B13F00AD7BA3 /* FreedomCloud.app */;
			productType = "com.apple.product-type.application";
		};
		229B5E3519B0B13F00AD7BA3 /* FreedomCloudTests */ = {
			isa = PBXNativeTarget;
			buildConfigurationList = 229B5E4A19B0B13F00AD7BA3 /* Build configuration list for PBXNativeTarget "FreedomCloudTests" */;
			buildPhases = (
				229B5E3219B0B13F00AD7BA3 /* Sources */,
				229B5E3319B0B13F00AD7BA3 /* Frameworks */,
				229B5E3419B0B13F00AD7BA3 /* Resources */,
			);
			buildRules = (
			);
			dependencies = (
				229B5E3C19B0B13F00AD7BA3 /* PBXTargetDependency */,
			);
			name = FreedomCloudTests;
			productName = FreedomCloudTests;
			productReference = 229B5E3619B0B13F00AD7BA3 /* FreedomCloudTests.xctest */;
			productType = "com.apple.product-type.bundle.unit-test";
		};
/* End PBXNativeTarget section */

/* Begin PBXProject section */
		229B5E1319B0B13F00AD7BA3 /* Project object */ = {
			isa = PBXProject;
			attributes = {
				CLASSPREFIX = FC;
				LastUpgradeCheck = 0510;
				ORGANIZATIONNAME = Sam;
				TargetAttributes = {
					229B5E3519B0B13F00AD7BA3 = {
						TestTargetID = 229B5E1A19B0B13F00AD7BA3;
					};
				};
			};
			buildConfigurationList = 229B5E1619B0B13F00AD7BA3 /* Build configuration list for PBXProject "FreedomCloud" */;
			compatibilityVersion = "Xcode 3.2";
			developmentRegion = English;
			hasScannedForEncodings = 0;
			knownRegions = (
				en,
			);
			mainGroup = 229B5E1219B0B13F00AD7BA3;
			productRefGroup = 229B5E1C19B0B13F00AD7BA3 /* Products */;
			projectDirPath = "";
			projectReferences = (
				{
					ProductGroup = 22751B5A19B17F7100A4543D /* Products */;
					ProjectRef = 229B5E9C19B0B87400AD7BA3 /* FCTools.xcodeproj */;
				},
			);
			projectRoot = "";
			targets = (
				229B5E1A19B0B13F00AD7BA3 /* FreedomCloud */,
				229B5E3519B0B13F00AD7BA3 /* FreedomCloudTests */,
			);
		};
/* End PBXProject section */

/* Begin PBXReferenceProxy section */
		22751B5F19B17F7100A4543D /* libFCTools.a */ = {
			isa = PBXReferenceProxy;
			fileType = archive.ar;
			path = libFCTools.a;
			remoteRef = 22751B5E19B17F7100A4543D /* PBXContainerItemProxy */;
			sourceTree = BUILT_PRODUCTS_DIR;
		};
		22751B6119B17F7100A4543D /* FCToolsTests.xctest */ = {
			isa = PBXReferenceProxy;
			fileType = wrapper.cfbundle;
			path = FCToolsTests.xctest;
			remoteRef = 22751B6019B17F7100A4543D /* PBXContainerItemProxy */;
			sourceTree = BUILT_PRODUCTS_DIR;
		};
/* End PBXReferenceProxy section */

/* Begin PBXResourcesBuildPhase section */
		229B5E1919B0B13F00AD7BA3 /* Resources */ = {
			isa = PBXResourcesBuildPhase;
			buildActionMask = 2147483647;
			files = (
				229B5F3219B0C13100AD7BA3 /* users.xml in Resources */,
				22C8FEBD19C58F61005331E6 /* FCDeviceManagerVC.xib in Resources */,
				229B5E2919B0B13F00AD7BA3 /* InfoPlist.strings in Resources */,
				22C8FEB819C58F4E005331E6 /* FCPlaybackVC.xib in Resources */,
				2202848B19C4531600400D80 /* WRLoadingView.xib in Resources */,
				2202847D19C41BD700400D80 /* FCLoginVC.xib in Resources */,
				22C8FEB319C58F3D005331E6 /* FCLiveVideoVC.xib in Resources */,
				22C8FEC219C58F6C005331E6 /* FCAboutVC.xib in Resources */,
				229B5E3119B0B13F00AD7BA3 /* Images.xcassets in Resources */,
				229B5E5B19B0B28F00AD7BA3 /* FCMainVC.xib in Resources */,
			);
			runOnlyForDeploymentPostprocessing = 0;
		};
		229B5E3419B0B13F00AD7BA3 /* Resources */ = {
			isa = PBXResourcesBuildPhase;
			buildActionMask = 2147483647;
			files = (
				229B5E4219B0B13F00AD7BA3 /* InfoPlist.strings in Resources */,
			);
			runOnlyForDeploymentPostprocessing = 0;
		};
/* End PBXResourcesBuildPhase section */

/* Begin PBXSourcesBuildPhase section */
		229B5E1719B0B13F00AD7BA3 /* Sources */ = {
			isa = PBXSourcesBuildPhase;
			buildActionMask = 2147483647;
			files = (
				229B5E5319B0B25900AD7BA3 /* FCSuperVC.m in Sources */,
				228E2BF319B4C1BD0075A871 /* FCLoginModel.m in Sources */,
				22C8FEB719C58F4E005331E6 /* FCPlaybackVC.m in Sources */,
				229B5E6019B0B3F600AD7BA3 /* FCSuperObject.m in Sources */,
				22C8FEAA19C58122005331E6 /* FCHeartbeatModel.m in Sources */,
				229B5F4019B177C100AD7BA3 /* FCSuperRequestModel.m in Sources */,
				229B5E2B19B0B13F00AD7BA3 /* main.m in Sources */,
				2202848019C42CD400400D80 /* FCLoginAnswerModel.m in Sources */,
				229B5E6319B0B41B00AD7BA3 /* FCMainNetworkModel1.m in Sources */,
				22C8FEC119C58F6C005331E6 /* FCAboutVC.m in Sources */,
				229B5E2F19B0B13F00AD7BA3 /* FCAppDelegate.m in Sources */,
				22C8FEBC19C58F61005331E6 /* FCDeviceManagerVC.m in Sources */,
				2202848A19C4531600400D80 /* WRLoadingView.m in Sources */,
				22C8FEB219C58F3D005331E6 /* FCLiveVideoVC.m in Sources */,
				2202847C19C41BD700400D80 /* FCLoginVC.m in Sources */,
				229B5E5619B0B26800AD7BA3 /* FCSuperView.m in Sources */,
				229B5E5A19B0B28F00AD7BA3 /* FCMainVC.m in Sources */,
				22C8FEA519C57F0C005331E6 /* FCMainModel.m in Sources */,
			);
			runOnlyForDeploymentPostprocessing = 0;
		};
		229B5E3219B0B13F00AD7BA3 /* Sources */ = {
			isa = PBXSourcesBuildPhase;
			buildActionMask = 2147483647;
			files = (
				229B5E4419B0B13F00AD7BA3 /* FreedomCloudTests.m in Sources */,
			);
			runOnlyForDeploymentPostprocessing = 0;
		};
/* End PBXSourcesBuildPhase section */

/* Begin PBXTargetDependency section */
		229B5E3C19B0B13F00AD7BA3 /* PBXTargetDependency */ = {
			isa = PBXTargetDependency;
			target = 229B5E1A19B0B13F00AD7BA3 /* FreedomCloud */;
			targetProxy = 229B5E3B19B0B13F00AD7BA3 /* PBXContainerItemProxy */;
		};
/* End PBXTargetDependency section */

/* Begin PBXVariantGroup section */
		229B5E2719B0B13F00AD7BA3 /* InfoPlist.strings */ = {
			isa = PBXVariantGroup;
			children = (
				229B5E2819B0B13F00AD7BA3 /* en */,
			);
			name = InfoPlist.strings;
			sourceTree = "<group>";
		};
		229B5E4019B0B13F00AD7BA3 /* InfoPlist.strings */ = {
			isa = PBXVariantGroup;
			children = (
				229B5E4119B0B13F00AD7BA3 /* en */,
			);
			name = InfoPlist.strings;
			sourceTree = "<group>";
		};
/* End PBXVariantGroup section */

/* Begin XCBuildConfiguration section */
		229B5E4519B0B13F00AD7BA3 /* Debug */ = {
			isa = XCBuildConfiguration;
			buildSettings = {
				ALWAYS_SEARCH_USER_PATHS = NO;
				CLANG_CXX_LANGUAGE_STANDARD = "gnu++0x";
				CLANG_CXX_LIBRARY = "libc++";
				CLANG_ENABLE_MODULES = YES;
				CLANG_ENABLE_OBJC_ARC = YES;
				CLANG_WARN_BOOL_CONVERSION = YES;
				CLANG_WARN_CONSTANT_CONVERSION = YES;
				CLANG_WARN_DIRECT_OBJC_ISA_USAGE = YES_ERROR;
				CLANG_WARN_EMPTY_BODY = YES;
				CLANG_WARN_ENUM_CONVERSION = YES;
				CLANG_WARN_INT_CONVERSION = YES;
				CLANG_WARN_OBJC_ROOT_CLASS = YES_ERROR;
				CLANG_WARN__DUPLICATE_METHOD_MATCH = YES;
				"CODE_SIGN_IDENTITY[sdk=iphoneos*]" = "iPhone Developer";
				COPY_PHASE_STRIP = NO;
				GCC_C_LANGUAGE_STANDARD = gnu99;
				GCC_DYNAMIC_NO_PIC = NO;
				GCC_OPTIMIZATION_LEVEL = 0;
				GCC_PREPROCESSOR_DEFINITIONS = (
					"DEBUG=1",
					"$(inherited)",
				);
				GCC_SYMBOLS_PRIVATE_EXTERN = NO;
				GCC_WARN_64_TO_32_BIT_CONVERSION = YES;
				GCC_WARN_ABOUT_RETURN_TYPE = YES_ERROR;
				GCC_WARN_UNDECLARED_SELECTOR = YES;
				GCC_WARN_UNINITIALIZED_AUTOS = YES_AGGRESSIVE;
				GCC_WARN_UNUSED_FUNCTION = YES;
				GCC_WARN_UNUSED_VARIABLE = YES;
				IPHONEOS_DEPLOYMENT_TARGET = 7.1;
				ONLY_ACTIVE_ARCH = YES;
				SDKROOT = iphoneos;
				TARGETED_DEVICE_FAMILY = "1,2";
			};
			name = Debug;
		};
		229B5E4619B0B13F00AD7BA3 /* Release */ = {
			isa = XCBuildConfiguration;
			buildSettings = {
				ALWAYS_SEARCH_USER_PATHS = NO;
				CLANG_CXX_LANGUAGE_STANDARD = "gnu++0x";
				CLANG_CXX_LIBRARY = "libc++";
				CLANG_ENABLE_MODULES = YES;
				CLANG_ENABLE_OBJC_ARC = YES;
				CLANG_WARN_BOOL_CONVERSION = YES;
				CLANG_WARN_CONSTANT_CONVERSION = YES;
				CLANG_WARN_DIRECT_OBJC_ISA_USAGE = YES_ERROR;
				CLANG_WARN_EMPTY_BODY = YES;
				CLANG_WARN_ENUM_CONVERSION = YES;
				CLANG_WARN_INT_CONVERSION = YES;
				CLANG_WARN_OBJC_ROOT_CLASS = YES_ERROR;
				CLANG_WARN__DUPLICATE_METHOD_MATCH = YES;
				"CODE_SIGN_IDENTITY[sdk=iphoneos*]" = "iPhone Developer";
				COPY_PHASE_STRIP = YES;
				ENABLE_NS_ASSERTIONS = NO;
				GCC_C_LANGUAGE_STANDARD = gnu99;
				GCC_WARN_64_TO_32_BIT_CONVERSION = YES;
				GCC_WARN_ABOUT_RETURN_TYPE = YES_ERROR;
				GCC_WARN_UNDECLARED_SELECTOR = YES;
				GCC_WARN_UNINITIALIZED_AUTOS = YES_AGGRESSIVE;
				GCC_WARN_UNUSED_FUNCTION = YES;
				GCC_WARN_UNUSED_VARIABLE = YES;
				IPHONEOS_DEPLOYMENT_TARGET = 7.1;
				SDKROOT = iphoneos;
				TARGETED_DEVICE_FAMILY = "1,2";
				VALIDATE_PRODUCT = YES;
			};
			name = Release;
		};
		229B5E4819B0B13F00AD7BA3 /* Debug */ = {
			isa = XCBuildConfiguration;
			buildSettings = {
				ALWAYS_SEARCH_USER_PATHS = YES;
				ARCHS = (
					"$(ARCHS_STANDARD)",
					"armv7,armv7s",
				);
				ASSETCATALOG_COMPILER_APPICON_NAME = AppIcon;
				ASSETCATALOG_COMPILER_LAUNCHIMAGE_NAME = LaunchImage;
				GCC_PRECOMPILE_PREFIX_HEADER = YES;
				GCC_PREFIX_HEADER = "FreedomCloud/FreedomCloud-Prefix.pch";
				HEADER_SEARCH_PATHS = (
					"$(BUILT_PRODUCTS_DIR)",
					"$(inherited)",
					/Applications/Xcode.app/Contents/Developer/Toolchains/XcodeDefault.xctoolchain/usr/include,
					/usr/include/libxml2,
				);
				INFOPLIST_FILE = "FreedomCloud/FreedomCloud-Info.plist";
				IPHONEOS_DEPLOYMENT_TARGET = 5.1.1;
				LIBRARY_SEARCH_PATHS = (
					"$(inherited)",
					"$(BUILT_PRODUCTS_DIR)",
				);
				OTHER_LDFLAGS = (
					"-force_load",
					"$(BUILT_PRODUCTS_DIR)/libFCTools.a",
				);
				PRODUCT_NAME = "$(TARGET_NAME)";
				USER_HEADER_SEARCH_PATHS = "$(BUILT_PRODUCTS_DIR)";
				WRAPPER_EXTENSION = app;
			};
			name = Debug;
		};
		229B5E4919B0B13F00AD7BA3 /* Release */ = {
			isa = XCBuildConfiguration;
			buildSettings = {
				ALWAYS_SEARCH_USER_PATHS = YES;
				ARCHS = (
					"$(ARCHS_STANDARD)",
					"armv7,armv7s",
				);
				ASSETCATALOG_COMPILER_APPICON_NAME = AppIcon;
				ASSETCATALOG_COMPILER_LAUNCHIMAGE_NAME = LaunchImage;
				GCC_PRECOMPILE_PREFIX_HEADER = YES;
				GCC_PREFIX_HEADER = "FreedomCloud/FreedomCloud-Prefix.pch";
				HEADER_SEARCH_PATHS = (
					"$(BUILT_PRODUCTS_DIR)",
					"$(inherited)",
					/Applications/Xcode.app/Contents/Developer/Toolchains/XcodeDefault.xctoolchain/usr/include,
					/usr/include/libxml2,
				);
				INFOPLIST_FILE = "FreedomCloud/FreedomCloud-Info.plist";
				IPHONEOS_DEPLOYMENT_TARGET = 5.1.1;
				LIBRARY_SEARCH_PATHS = (
					"$(inherited)",
					"$(BUILT_PRODUCTS_DIR)",
				);
				OTHER_LDFLAGS = (
					"-force_load",
					"$(BUILT_PRODUCTS_DIR)/libFCTools.a",
				);
				PRODUCT_NAME = "$(TARGET_NAME)";
				USER_HEADER_SEARCH_PATHS = "$(BUILT_PRODUCTS_DIR)";
				WRAPPER_EXTENSION = app;
			};
			name = Release;
		};
		229B5E4B19B0B13F00AD7BA3 /* Debug */ = {
			isa = XCBuildConfiguration;
			buildSettings = {
				BUNDLE_LOADER = "$(BUILT_PRODUCTS_DIR)/FreedomCloud.app/FreedomCloud";
				FRAMEWORK_SEARCH_PATHS = (
					"$(SDKROOT)/Developer/Library/Frameworks",
					"$(inherited)",
					"$(DEVELOPER_FRAMEWORKS_DIR)",
				);
				GCC_PRECOMPILE_PREFIX_HEADER = YES;
				GCC_PREFIX_HEADER = "FreedomCloud/FreedomCloud-Prefix.pch";
				GCC_PREPROCESSOR_DEFINITIONS = (
					"DEBUG=1",
					"$(inherited)",
				);
				INFOPLIST_FILE = "FreedomCloudTests/FreedomCloudTests-Info.plist";
				PRODUCT_NAME = "$(TARGET_NAME)";
				TEST_HOST = "$(BUNDLE_LOADER)";
				WRAPPER_EXTENSION = xctest;
			};
			name = Debug;
		};
		229B5E4C19B0B13F00AD7BA3 /* Release */ = {
			isa = XCBuildConfiguration;
			buildSettings = {
				BUNDLE_LOADER = "$(BUILT_PRODUCTS_DIR)/FreedomCloud.app/FreedomCloud";
				FRAMEWORK_SEARCH_PATHS = (
					"$(SDKROOT)/Developer/Library/Frameworks",
					"$(inherited)",
					"$(DEVELOPER_FRAMEWORKS_DIR)",
				);
				GCC_PRECOMPILE_PREFIX_HEADER = YES;
				GCC_PREFIX_HEADER = "FreedomCloud/FreedomCloud-Prefix.pch";
				INFOPLIST_FILE = "FreedomCloudTests/FreedomCloudTests-Info.plist";
				PRODUCT_NAME = "$(TARGET_NAME)";
				TEST_HOST = "$(BUNDLE_LOADER)";
				WRAPPER_EXTENSION = xctest;
			};
			name = Release;
		};
/* End XCBuildConfiguration section */

/* Begin XCConfigurationList section */
		229B5E1619B0B13F00AD7BA3 /* Build configuration list for PBXProject "FreedomCloud" */ = {
			isa = XCConfigurationList;
			buildConfigurations = (
				229B5E4519B0B13F00AD7BA3 /* Debug */,
				229B5E4619B0B13F00AD7BA3 /* Release */,
			);
			defaultConfigurationIsVisible = 0;
			defaultConfigurationName = Release;
		};
		229B5E4719B0B13F00AD7BA3 /* Build configuration list for PBXNativeTarget "FreedomCloud" */ = {
			isa = XCConfigurationList;
			buildConfigurations = (
				229B5E4819B0B13F00AD7BA3 /* Debug */,
				229B5E4919B0B13F00AD7BA3 /* Release */,
			);
			defaultConfigurationIsVisible = 0;
			defaultConfigurationName = Release;
		};
		229B5E4A19B0B13F00AD7BA3 /* Build configuration list for PBXNativeTarget "FreedomCloudTests" */ = {
			isa = XCConfigurationList;
			buildConfigurations = (
				229B5E4B19B0B13F00AD7BA3 /* Debug */,
				229B5E4C19B0B13F00AD7BA3 /* Release */,
			);
			defaultConfigurationIsVisible = 0;
			defaultConfigurationName = Release;
		};
/* End XCConfigurationList section */
	};
	rootObject = 229B5E1319B0B13F00AD7BA3 /* Project object */;
}
